// !$*UTF8*$!
{
	archiveVersion = 1;
	classes = {
	};
	objectVersion = 56;
	objects = {

/* Begin PBXBuildFile section */
		C6114FA92962E19500321629 /* TypeView.swift in Sources */ = {isa = PBXBuildFile; fileRef = C6114FA82962E19500321629 /* TypeView.swift */; };
		C6114FAB2962EA6B00321629 /* MainView.swift in Sources */ = {isa = PBXBuildFile; fileRef = C6114FAA2962EA6B00321629 /* MainView.swift */; };
		C6114FAE29630D2E00321629 /* FavoritesView.swift in Sources */ = {isa = PBXBuildFile; fileRef = C6114FAD29630D2E00321629 /* FavoritesView.swift */; };
		C63D1F73295C671F00902FC3 /* Response.swift in Sources */ = {isa = PBXBuildFile; fileRef = C63D1F72295C671F00902FC3 /* Response.swift */; };
		C63D1F75295C673900902FC3 /* PokemonEntity.swift in Sources */ = {isa = PBXBuildFile; fileRef = C63D1F74295C673900902FC3 /* PokemonEntity.swift */; };
		C63D1F77295C675A00902FC3 /* TypesEntity.swift in Sources */ = {isa = PBXBuildFile; fileRef = C63D1F76295C675A00902FC3 /* TypesEntity.swift */; };
		C63D1F79295C677600902FC3 /* PokemonDetailsEntity.swift in Sources */ = {isa = PBXBuildFile; fileRef = C63D1F78295C677600902FC3 /* PokemonDetailsEntity.swift */; };
		C63D1F7C295C67B800902FC3 /* PokemonMapper.swift in Sources */ = {isa = PBXBuildFile; fileRef = C63D1F7B295C67B800902FC3 /* PokemonMapper.swift */; };
		C63D1F7E295C696D00902FC3 /* PMData+Injection.swift in Sources */ = {isa = PBXBuildFile; fileRef = C63D1F7D295C696D00902FC3 /* PMData+Injection.swift */; };
		C63D1F81295C6B5F00902FC3 /* Factory in Frameworks */ = {isa = PBXBuildFile; productRef = C63D1F80295C6B5F00902FC3 /* Factory */; };
		C63D1F87295C76A100902FC3 /* HomeViewModel.swift in Sources */ = {isa = PBXBuildFile; fileRef = C63D1F86295C76A100902FC3 /* HomeViewModel.swift */; };
		C63D1F89295D9D7700902FC3 /* PokemonsRepository.swift in Sources */ = {isa = PBXBuildFile; fileRef = C63D1F88295D9D7700902FC3 /* PokemonsRepository.swift */; };
		C63D1F8B295DA23E00902FC3 /* PokemonModelMapper.swift in Sources */ = {isa = PBXBuildFile; fileRef = C63D1F8A295DA23E00902FC3 /* PokemonModelMapper.swift */; };
		C63D1F8D295DA2B400902FC3 /* PokemonModel.swift in Sources */ = {isa = PBXBuildFile; fileRef = C63D1F8C295DA2B400902FC3 /* PokemonModel.swift */; };
		C63D1F8F295DA35B00902FC3 /* ImageURLCreater.swift in Sources */ = {isa = PBXBuildFile; fileRef = C63D1F8E295DA35B00902FC3 /* ImageURLCreater.swift */; };
		C63D1F91295DA3CB00902FC3 /* PMPresentation+Injection.swift in Sources */ = {isa = PBXBuildFile; fileRef = C63D1F90295DA3CB00902FC3 /* PMPresentation+Injection.swift */; };
		C63D1F94295DA86900902FC3 /* Color+Extensions.swift in Sources */ = {isa = PBXBuildFile; fileRef = C63D1F93295DA86900902FC3 /* Color+Extensions.swift */; };
		C63D1F99295DDC9900902FC3 /* String+Extensions.swift in Sources */ = {isa = PBXBuildFile; fileRef = C63D1F98295DDC9900902FC3 /* String+Extensions.swift */; };
		C63D1F9C295DE4D000902FC3 /* Card.swift in Sources */ = {isa = PBXBuildFile; fileRef = C63D1F9B295DE4D000902FC3 /* Card.swift */; };
		C63D1F9E295DF03A00902FC3 /* SearchBar.swift in Sources */ = {isa = PBXBuildFile; fileRef = C63D1F9D295DF03A00902FC3 /* SearchBar.swift */; };
		C63D1FA0295E05DA00902FC3 /* NumberCard.swift in Sources */ = {isa = PBXBuildFile; fileRef = C63D1F9F295E05DA00902FC3 /* NumberCard.swift */; };
		C6922127295ED0640091184B /* DetailsView.swift in Sources */ = {isa = PBXBuildFile; fileRef = C6922126295ED0640091184B /* DetailsView.swift */; };
		C6922129295ED27B0091184B /* AbilitiesEntity.swift in Sources */ = {isa = PBXBuildFile; fileRef = C6922128295ED27B0091184B /* AbilitiesEntity.swift */; };
		C692212B295ED33E0091184B /* StatisticsEntity.swift in Sources */ = {isa = PBXBuildFile; fileRef = C692212A295ED33E0091184B /* StatisticsEntity.swift */; };
		C692212D295ED9C60091184B /* PokemonDetailsMapper.swift in Sources */ = {isa = PBXBuildFile; fileRef = C692212C295ED9C60091184B /* PokemonDetailsMapper.swift */; };
		C692212F295EDA040091184B /* PokemonDetails.swift in Sources */ = {isa = PBXBuildFile; fileRef = C692212E295EDA040091184B /* PokemonDetails.swift */; };
		C6922131295EDAD30091184B /* Types.swift in Sources */ = {isa = PBXBuildFile; fileRef = C6922130295EDAD30091184B /* Types.swift */; };
		C6922133295EDB510091184B /* Abilities.swift in Sources */ = {isa = PBXBuildFile; fileRef = C6922132295EDB510091184B /* Abilities.swift */; };
		C6922135295EDB780091184B /* Statistics.swift in Sources */ = {isa = PBXBuildFile; fileRef = C6922134295EDB780091184B /* Statistics.swift */; };
		C6922138295EE66C0091184B /* PokemonDetailsModelMapper.swift in Sources */ = {isa = PBXBuildFile; fileRef = C6922137295EE66C0091184B /* PokemonDetailsModelMapper.swift */; };
		C692213C295EE8480091184B /* PokemonDetailsModel.swift in Sources */ = {isa = PBXBuildFile; fileRef = C692213B295EE8480091184B /* PokemonDetailsModel.swift */; };
		C692213E295EE86D0091184B /* TypesModel.swift in Sources */ = {isa = PBXBuildFile; fileRef = C692213D295EE86D0091184B /* TypesModel.swift */; };
		C6922140295EE8930091184B /* AbilitiesModel.swift in Sources */ = {isa = PBXBuildFile; fileRef = C692213F295EE8930091184B /* AbilitiesModel.swift */; };
		C6922142295EE8B70091184B /* StatisticsModel.swift in Sources */ = {isa = PBXBuildFile; fileRef = C6922141295EE8B70091184B /* StatisticsModel.swift */; };
		C6922144295F0E730091184B /* GetPokemonByIDWorker.swift in Sources */ = {isa = PBXBuildFile; fileRef = C6922143295F0E730091184B /* GetPokemonByIDWorker.swift */; };
		C6922146295F11660091184B /* PokemonByIDRepository.swift in Sources */ = {isa = PBXBuildFile; fileRef = C6922145295F11660091184B /* PokemonByIDRepository.swift */; };
		C692214A295F17F40091184B /* DetailsviewModel.swift in Sources */ = {isa = PBXBuildFile; fileRef = C6922149295F17F40091184B /* DetailsviewModel.swift */; };
		C69C21082955B30200374870 /* PokyMonApp.swift in Sources */ = {isa = PBXBuildFile; fileRef = C69C21072955B30200374870 /* PokyMonApp.swift */; };
		C69C210A2955B30200374870 /* ContentView.swift in Sources */ = {isa = PBXBuildFile; fileRef = C69C21092955B30200374870 /* ContentView.swift */; };
		C69C210C2955B30400374870 /* Assets.xcassets in Resources */ = {isa = PBXBuildFile; fileRef = C69C210B2955B30400374870 /* Assets.xcassets */; };
		C69C210F2955B30400374870 /* Preview Assets.xcassets in Resources */ = {isa = PBXBuildFile; fileRef = C69C210E2955B30400374870 /* Preview Assets.xcassets */; };
		C69C21192955B30500374870 /* PokyMonTests.swift in Sources */ = {isa = PBXBuildFile; fileRef = C69C21182955B30500374870 /* PokyMonTests.swift */; };
		C69C21232955B30500374870 /* PokyMonUITests.swift in Sources */ = {isa = PBXBuildFile; fileRef = C69C21222955B30500374870 /* PokyMonUITests.swift */; };
		C69C21252955B30500374870 /* PokyMonUITestsLaunchTests.swift in Sources */ = {isa = PBXBuildFile; fileRef = C69C21242955B30500374870 /* PokyMonUITestsLaunchTests.swift */; };
		C6C108B4295C3160000514B7 /* GetPokemonWorker.swift in Sources */ = {isa = PBXBuildFile; fileRef = C6C108B3295C3160000514B7 /* GetPokemonWorker.swift */; };
		C6C108B6295C3209000514B7 /* Pokemon.swift in Sources */ = {isa = PBXBuildFile; fileRef = C6C108B5295C3209000514B7 /* Pokemon.swift */; };
		C6C108BB295C34D3000514B7 /* PokemonAPI.swift in Sources */ = {isa = PBXBuildFile; fileRef = C6C108BA295C34D3000514B7 /* PokemonAPI.swift */; };
		C6C108BD295C34FA000514B7 /* PokemonAPIProtocol.swift in Sources */ = {isa = PBXBuildFile; fileRef = C6C108BC295C34FA000514B7 /* PokemonAPIProtocol.swift */; };
/* End PBXBuildFile section */

/* Begin PBXContainerItemProxy section */
		C69C21152955B30500374870 /* PBXContainerItemProxy */ = {
			isa = PBXContainerItemProxy;
			containerPortal = C69C20FC2955B30200374870 /* Project object */;
			proxyType = 1;
			remoteGlobalIDString = C69C21032955B30200374870;
			remoteInfo = PokyMon;
		};
		C69C211F2955B30500374870 /* PBXContainerItemProxy */ = {
			isa = PBXContainerItemProxy;
			containerPortal = C69C20FC2955B30200374870 /* Project object */;
			proxyType = 1;
			remoteGlobalIDString = C69C21032955B30200374870;
			remoteInfo = PokyMon;
		};
/* End PBXContainerItemProxy section */

/* Begin PBXFileReference section */
		C6114FA82962E19500321629 /* TypeView.swift */ = {isa = PBXFileReference; lastKnownFileType = sourcecode.swift; path = TypeView.swift; sourceTree = "<group>"; };
		C6114FAA2962EA6B00321629 /* MainView.swift */ = {isa = PBXFileReference; lastKnownFileType = sourcecode.swift; path = MainView.swift; sourceTree = "<group>"; };
		C6114FAD29630D2E00321629 /* FavoritesView.swift */ = {isa = PBXFileReference; lastKnownFileType = sourcecode.swift; path = FavoritesView.swift; sourceTree = "<group>"; };
		C63D1F72295C671F00902FC3 /* Response.swift */ = {isa = PBXFileReference; lastKnownFileType = sourcecode.swift; path = Response.swift; sourceTree = "<group>"; };
		C63D1F74295C673900902FC3 /* PokemonEntity.swift */ = {isa = PBXFileReference; lastKnownFileType = sourcecode.swift; path = PokemonEntity.swift; sourceTree = "<group>"; };
		C63D1F76295C675A00902FC3 /* TypesEntity.swift */ = {isa = PBXFileReference; lastKnownFileType = sourcecode.swift; path = TypesEntity.swift; sourceTree = "<group>"; };
		C63D1F78295C677600902FC3 /* PokemonDetailsEntity.swift */ = {isa = PBXFileReference; lastKnownFileType = sourcecode.swift; path = PokemonDetailsEntity.swift; sourceTree = "<group>"; };
		C63D1F7B295C67B800902FC3 /* PokemonMapper.swift */ = {isa = PBXFileReference; lastKnownFileType = sourcecode.swift; path = PokemonMapper.swift; sourceTree = "<group>"; };
		C63D1F7D295C696D00902FC3 /* PMData+Injection.swift */ = {isa = PBXFileReference; lastKnownFileType = sourcecode.swift; path = "PMData+Injection.swift"; sourceTree = "<group>"; };
		C63D1F86295C76A100902FC3 /* HomeViewModel.swift */ = {isa = PBXFileReference; lastKnownFileType = sourcecode.swift; path = HomeViewModel.swift; sourceTree = "<group>"; };
		C63D1F88295D9D7700902FC3 /* PokemonsRepository.swift */ = {isa = PBXFileReference; lastKnownFileType = sourcecode.swift; path = PokemonsRepository.swift; sourceTree = "<group>"; };
		C63D1F8A295DA23E00902FC3 /* PokemonModelMapper.swift */ = {isa = PBXFileReference; lastKnownFileType = sourcecode.swift; path = PokemonModelMapper.swift; sourceTree = "<group>"; };
		C63D1F8C295DA2B400902FC3 /* PokemonModel.swift */ = {isa = PBXFileReference; lastKnownFileType = sourcecode.swift; path = PokemonModel.swift; sourceTree = "<group>"; };
		C63D1F8E295DA35B00902FC3 /* ImageURLCreater.swift */ = {isa = PBXFileReference; lastKnownFileType = sourcecode.swift; path = ImageURLCreater.swift; sourceTree = "<group>"; };
		C63D1F90295DA3CB00902FC3 /* PMPresentation+Injection.swift */ = {isa = PBXFileReference; lastKnownFileType = sourcecode.swift; path = "PMPresentation+Injection.swift"; sourceTree = "<group>"; };
		C63D1F93295DA86900902FC3 /* Color+Extensions.swift */ = {isa = PBXFileReference; lastKnownFileType = sourcecode.swift; path = "Color+Extensions.swift"; sourceTree = "<group>"; };
		C63D1F98295DDC9900902FC3 /* String+Extensions.swift */ = {isa = PBXFileReference; lastKnownFileType = sourcecode.swift; path = "String+Extensions.swift"; sourceTree = "<group>"; };
		C63D1F9B295DE4D000902FC3 /* Card.swift */ = {isa = PBXFileReference; lastKnownFileType = sourcecode.swift; path = Card.swift; sourceTree = "<group>"; };
		C63D1F9D295DF03A00902FC3 /* SearchBar.swift */ = {isa = PBXFileReference; lastKnownFileType = sourcecode.swift; path = SearchBar.swift; sourceTree = "<group>"; };
		C63D1F9F295E05DA00902FC3 /* NumberCard.swift */ = {isa = PBXFileReference; lastKnownFileType = sourcecode.swift; path = NumberCard.swift; sourceTree = "<group>"; };
		C6922126295ED0640091184B /* DetailsView.swift */ = {isa = PBXFileReference; lastKnownFileType = sourcecode.swift; path = DetailsView.swift; sourceTree = "<group>"; };
		C6922128295ED27B0091184B /* AbilitiesEntity.swift */ = {isa = PBXFileReference; lastKnownFileType = sourcecode.swift; path = AbilitiesEntity.swift; sourceTree = "<group>"; };
		C692212A295ED33E0091184B /* StatisticsEntity.swift */ = {isa = PBXFileReference; lastKnownFileType = sourcecode.swift; path = StatisticsEntity.swift; sourceTree = "<group>"; };
		C692212C295ED9C60091184B /* PokemonDetailsMapper.swift */ = {isa = PBXFileReference; lastKnownFileType = sourcecode.swift; path = PokemonDetailsMapper.swift; sourceTree = "<group>"; };
		C692212E295EDA040091184B /* PokemonDetails.swift */ = {isa = PBXFileReference; lastKnownFileType = sourcecode.swift; path = PokemonDetails.swift; sourceTree = "<group>"; };
		C6922130295EDAD30091184B /* Types.swift */ = {isa = PBXFileReference; lastKnownFileType = sourcecode.swift; path = Types.swift; sourceTree = "<group>"; };
		C6922132295EDB510091184B /* Abilities.swift */ = {isa = PBXFileReference; lastKnownFileType = sourcecode.swift; path = Abilities.swift; sourceTree = "<group>"; };
		C6922134295EDB780091184B /* Statistics.swift */ = {isa = PBXFileReference; lastKnownFileType = sourcecode.swift; path = Statistics.swift; sourceTree = "<group>"; };
		C6922137295EE66C0091184B /* PokemonDetailsModelMapper.swift */ = {isa = PBXFileReference; lastKnownFileType = sourcecode.swift; path = PokemonDetailsModelMapper.swift; sourceTree = "<group>"; };
		C692213B295EE8480091184B /* PokemonDetailsModel.swift */ = {isa = PBXFileReference; lastKnownFileType = sourcecode.swift; path = PokemonDetailsModel.swift; sourceTree = "<group>"; };
		C692213D295EE86D0091184B /* TypesModel.swift */ = {isa = PBXFileReference; lastKnownFileType = sourcecode.swift; path = TypesModel.swift; sourceTree = "<group>"; };
		C692213F295EE8930091184B /* AbilitiesModel.swift */ = {isa = PBXFileReference; lastKnownFileType = sourcecode.swift; path = AbilitiesModel.swift; sourceTree = "<group>"; };
		C6922141295EE8B70091184B /* StatisticsModel.swift */ = {isa = PBXFileReference; lastKnownFileType = sourcecode.swift; path = StatisticsModel.swift; sourceTree = "<group>"; };
		C6922143295F0E730091184B /* GetPokemonByIDWorker.swift */ = {isa = PBXFileReference; lastKnownFileType = sourcecode.swift; path = GetPokemonByIDWorker.swift; sourceTree = "<group>"; };
		C6922145295F11660091184B /* PokemonByIDRepository.swift */ = {isa = PBXFileReference; lastKnownFileType = sourcecode.swift; path = PokemonByIDRepository.swift; sourceTree = "<group>"; };
		C6922149295F17F40091184B /* DetailsviewModel.swift */ = {isa = PBXFileReference; lastKnownFileType = sourcecode.swift; path = DetailsviewModel.swift; sourceTree = "<group>"; };
		C69C21042955B30200374870 /* PokyMon.app */ = {isa = PBXFileReference; explicitFileType = wrapper.application; includeInIndex = 0; path = PokyMon.app; sourceTree = BUILT_PRODUCTS_DIR; };
		C69C21072955B30200374870 /* PokyMonApp.swift */ = {isa = PBXFileReference; lastKnownFileType = sourcecode.swift; path = PokyMonApp.swift; sourceTree = "<group>"; };
		C69C21092955B30200374870 /* ContentView.swift */ = {isa = PBXFileReference; lastKnownFileType = sourcecode.swift; path = ContentView.swift; sourceTree = "<group>"; };
		C69C210B2955B30400374870 /* Assets.xcassets */ = {isa = PBXFileReference; lastKnownFileType = folder.assetcatalog; path = Assets.xcassets; sourceTree = "<group>"; };
		C69C210E2955B30400374870 /* Preview Assets.xcassets */ = {isa = PBXFileReference; lastKnownFileType = folder.assetcatalog; path = "Preview Assets.xcassets"; sourceTree = "<group>"; };
		C69C21142955B30500374870 /* PokyMonTests.xctest */ = {isa = PBXFileReference; explicitFileType = wrapper.cfbundle; includeInIndex = 0; path = PokyMonTests.xctest; sourceTree = BUILT_PRODUCTS_DIR; };
		C69C21182955B30500374870 /* PokyMonTests.swift */ = {isa = PBXFileReference; lastKnownFileType = sourcecode.swift; path = PokyMonTests.swift; sourceTree = "<group>"; };
		C69C211E2955B30500374870 /* PokyMonUITests.xctest */ = {isa = PBXFileReference; explicitFileType = wrapper.cfbundle; includeInIndex = 0; path = PokyMonUITests.xctest; sourceTree = BUILT_PRODUCTS_DIR; };
		C69C21222955B30500374870 /* PokyMonUITests.swift */ = {isa = PBXFileReference; lastKnownFileType = sourcecode.swift; path = PokyMonUITests.swift; sourceTree = "<group>"; };
		C69C21242955B30500374870 /* PokyMonUITestsLaunchTests.swift */ = {isa = PBXFileReference; lastKnownFileType = sourcecode.swift; path = PokyMonUITestsLaunchTests.swift; sourceTree = "<group>"; };
		C6C108B3295C3160000514B7 /* GetPokemonWorker.swift */ = {isa = PBXFileReference; lastKnownFileType = sourcecode.swift; path = GetPokemonWorker.swift; sourceTree = "<group>"; };
		C6C108B5295C3209000514B7 /* Pokemon.swift */ = {isa = PBXFileReference; lastKnownFileType = sourcecode.swift; path = Pokemon.swift; sourceTree = "<group>"; };
		C6C108BA295C34D3000514B7 /* PokemonAPI.swift */ = {isa = PBXFileReference; lastKnownFileType = sourcecode.swift; path = PokemonAPI.swift; sourceTree = "<group>"; };
		C6C108BC295C34FA000514B7 /* PokemonAPIProtocol.swift */ = {isa = PBXFileReference; lastKnownFileType = sourcecode.swift; path = PokemonAPIProtocol.swift; sourceTree = "<group>"; };
/* End PBXFileReference section */

/* Begin PBXFrameworksBuildPhase section */
		C69C21012955B30200374870 /* Frameworks */ = {
			isa = PBXFrameworksBuildPhase;
			buildActionMask = 2147483647;
			files = (
				C63D1F81295C6B5F00902FC3 /* Factory in Frameworks */,
			);
			runOnlyForDeploymentPostprocessing = 0;
		};
		C69C21112955B30500374870 /* Frameworks */ = {
			isa = PBXFrameworksBuildPhase;
			buildActionMask = 2147483647;
			files = (
			);
			runOnlyForDeploymentPostprocessing = 0;
		};
		C69C211B2955B30500374870 /* Frameworks */ = {
			isa = PBXFrameworksBuildPhase;
			buildActionMask = 2147483647;
			files = (
			);
			runOnlyForDeploymentPostprocessing = 0;
		};
/* End PBXFrameworksBuildPhase section */

/* Begin PBXGroup section */
		C6114FAC29630D1400321629 /* Favorites */ = {
			isa = PBXGroup;
			children = (
				C6114FAD29630D2E00321629 /* FavoritesView.swift */,
			);
			path = Favorites;
			sourceTree = "<group>";
		};
		C63D1F7A295C679C00902FC3 /* mappers */ = {
			isa = PBXGroup;
			children = (
				C63D1F7B295C67B800902FC3 /* PokemonMapper.swift */,
				C692212C295ED9C60091184B /* PokemonDetailsMapper.swift */,
			);
			path = mappers;
			sourceTree = "<group>";
		};
		C63D1F92295DA85000902FC3 /* Extensions */ = {
			isa = PBXGroup;
			children = (
				C63D1F93295DA86900902FC3 /* Color+Extensions.swift */,
			);
			path = Extensions;
			sourceTree = "<group>";
		};
		C63D1F97295DDC8200902FC3 /* Extensions */ = {
			isa = PBXGroup;
			children = (
				C63D1F98295DDC9900902FC3 /* String+Extensions.swift */,
			);
			path = Extensions;
			sourceTree = "<group>";
		};
		C63D1F9A295DE4C100902FC3 /* views */ = {
			isa = PBXGroup;
			children = (
				C63D1F9B295DE4D000902FC3 /* Card.swift */,
				C63D1F9D295DF03A00902FC3 /* SearchBar.swift */,
				C63D1F9F295E05DA00902FC3 /* NumberCard.swift */,
				C6114FA82962E19500321629 /* TypeView.swift */,
			);
			path = views;
			sourceTree = "<group>";
		};
		C6922136295EE6510091184B /* mappers */ = {
			isa = PBXGroup;
			children = (
				C63D1F8A295DA23E00902FC3 /* PokemonModelMapper.swift */,
				C6922137295EE66C0091184B /* PokemonDetailsModelMapper.swift */,
			);
			path = mappers;
			sourceTree = "<group>";
		};
		C6922139295EE7260091184B /* models */ = {
			isa = PBXGroup;
			children = (
				C63D1F8C295DA2B400902FC3 /* PokemonModel.swift */,
				C692213B295EE8480091184B /* PokemonDetailsModel.swift */,
				C692213D295EE86D0091184B /* TypesModel.swift */,
				C692213F295EE8930091184B /* AbilitiesModel.swift */,
				C6922141295EE8B70091184B /* StatisticsModel.swift */,
			);
			path = models;
			sourceTree = "<group>";
		};
		C6922147295F17D10091184B /* Home */ = {
			isa = PBXGroup;
			children = (
				C69C21092955B30200374870 /* ContentView.swift */,
				C63D1F86295C76A100902FC3 /* HomeViewModel.swift */,
			);
			path = Home;
			sourceTree = "<group>";
		};
		C6922148295F17E00091184B /* Details */ = {
			isa = PBXGroup;
			children = (
				C6922126295ED0640091184B /* DetailsView.swift */,
				C6922149295F17F40091184B /* DetailsviewModel.swift */,
			);
			path = Details;
			sourceTree = "<group>";
		};
		C69C20FB2955B30200374870 = {
			isa = PBXGroup;
			children = (
				C69C21062955B30200374870 /* PokyMon */,
				C69C21172955B30500374870 /* PokyMonTests */,
				C69C21212955B30500374870 /* PokyMonUITests */,
				C69C21052955B30200374870 /* Products */,
			);
			sourceTree = "<group>";
		};
		C69C21052955B30200374870 /* Products */ = {
			isa = PBXGroup;
			children = (
				C69C21042955B30200374870 /* PokyMon.app */,
				C69C21142955B30500374870 /* PokyMonTests.xctest */,
				C69C211E2955B30500374870 /* PokyMonUITests.xctest */,
			);
			name = Products;
			sourceTree = "<group>";
		};
		C69C21062955B30200374870 /* PokyMon */ = {
			isa = PBXGroup;
			children = (
				C69C21342955D5BD00374870 /* App */,
				C69C21332955D42D00374870 /* PMData */,
				C69C21322955D42400374870 /* PMDomain */,
				C69C21312955D41600374870 /* PMPresentation */,
				C69C210B2955B30400374870 /* Assets.xcassets */,
				C69C210D2955B30400374870 /* Preview Content */,
			);
			path = PokyMon;
			sourceTree = "<group>";
		};
		C69C210D2955B30400374870 /* Preview Content */ = {
			isa = PBXGroup;
			children = (
				C69C210E2955B30400374870 /* Preview Assets.xcassets */,
			);
			path = "Preview Content";
			sourceTree = "<group>";
		};
		C69C21172955B30500374870 /* PokyMonTests */ = {
			isa = PBXGroup;
			children = (
				C69C21182955B30500374870 /* PokyMonTests.swift */,
			);
			path = PokyMonTests;
			sourceTree = "<group>";
		};
		C69C21212955B30500374870 /* PokyMonUITests */ = {
			isa = PBXGroup;
			children = (
				C69C21222955B30500374870 /* PokyMonUITests.swift */,
				C69C21242955B30500374870 /* PokyMonUITestsLaunchTests.swift */,
			);
			path = PokyMonUITests;
			sourceTree = "<group>";
		};
		C69C21312955D41600374870 /* PMPresentation */ = {
			isa = PBXGroup;
			children = (
				C6114FAC29630D1400321629 /* Favorites */,
				C6922148295F17E00091184B /* Details */,
				C6922147295F17D10091184B /* Home */,
				C6922139295EE7260091184B /* models */,
				C6922136295EE6510091184B /* mappers */,
				C63D1F9A295DE4C100902FC3 /* views */,
				C63D1F92295DA85000902FC3 /* Extensions */,
				C69C21072955B30200374870 /* PokyMonApp.swift */,
				C63D1F8E295DA35B00902FC3 /* ImageURLCreater.swift */,
				C63D1F90295DA3CB00902FC3 /* PMPresentation+Injection.swift */,
				C6114FAA2962EA6B00321629 /* MainView.swift */,
			);
			path = PMPresentation;
			sourceTree = "<group>";
		};
		C69C21322955D42400374870 /* PMDomain */ = {
			isa = PBXGroup;
			children = (
				C6C108B7295C3430000514B7 /* models */,
				C6C108B3295C3160000514B7 /* GetPokemonWorker.swift */,
				C6922143295F0E730091184B /* GetPokemonByIDWorker.swift */,
			);
			path = PMDomain;
			sourceTree = "<group>";
		};
		C69C21332955D42D00374870 /* PMData */ = {
			isa = PBXGroup;
			children = (
				C63D1F7A295C679C00902FC3 /* mappers */,
				C6C108B2295C30DF000514B7 /* models */,
				C6C108BA295C34D3000514B7 /* PokemonAPI.swift */,
				C6C108BC295C34FA000514B7 /* PokemonAPIProtocol.swift */,
				C63D1F7D295C696D00902FC3 /* PMData+Injection.swift */,
				C63D1F88295D9D7700902FC3 /* PokemonsRepository.swift */,
				C6922145295F11660091184B /* PokemonByIDRepository.swift */,
			);
			path = PMData;
			sourceTree = "<group>";
		};
		C69C21342955D5BD00374870 /* App */ = {
			isa = PBXGroup;
			children = (
				C63D1F97295DDC8200902FC3 /* Extensions */,
			);
			path = App;
			sourceTree = "<group>";
		};
		C6C108B2295C30DF000514B7 /* models */ = {
			isa = PBXGroup;
			children = (
				C63D1F72295C671F00902FC3 /* Response.swift */,
				C63D1F74295C673900902FC3 /* PokemonEntity.swift */,
				C63D1F76295C675A00902FC3 /* TypesEntity.swift */,
				C63D1F78295C677600902FC3 /* PokemonDetailsEntity.swift */,
				C6922128295ED27B0091184B /* AbilitiesEntity.swift */,
				C692212A295ED33E0091184B /* StatisticsEntity.swift */,
			);
			path = models;
			sourceTree = "<group>";
		};
		C6C108B7295C3430000514B7 /* models */ = {
			isa = PBXGroup;
			children = (
				C6C108B5295C3209000514B7 /* Pokemon.swift */,
				C692212E295EDA040091184B /* PokemonDetails.swift */,
				C6922130295EDAD30091184B /* Types.swift */,
				C6922132295EDB510091184B /* Abilities.swift */,
				C6922134295EDB780091184B /* Statistics.swift */,
			);
			path = models;
			sourceTree = "<group>";
		};
/* End PBXGroup section */

/* Begin PBXNativeTarget section */
		C69C21032955B30200374870 /* PokyMon */ = {
			isa = PBXNativeTarget;
			buildConfigurationList = C69C21282955B30500374870 /* Build configuration list for PBXNativeTarget "PokyMon" */;
			buildPhases = (
				C69C21002955B30200374870 /* Sources */,
				C69C21012955B30200374870 /* Frameworks */,
				C69C21022955B30200374870 /* Resources */,
			);
			buildRules = (
			);
			dependencies = (
			);
			name = PokyMon;
			packageProductDependencies = (
				C63D1F80295C6B5F00902FC3 /* Factory */,
			);
			productName = PokyMon;
			productReference = C69C21042955B30200374870 /* PokyMon.app */;
			productType = "com.apple.product-type.application";
		};
		C69C21132955B30500374870 /* PokyMonTests */ = {
			isa = PBXNativeTarget;
			buildConfigurationList = C69C212B2955B30500374870 /* Build configuration list for PBXNativeTarget "PokyMonTests" */;
			buildPhases = (
				C69C21102955B30500374870 /* Sources */,
				C69C21112955B30500374870 /* Frameworks */,
				C69C21122955B30500374870 /* Resources */,
			);
			buildRules = (
			);
			dependencies = (
				C69C21162955B30500374870 /* PBXTargetDependency */,
			);
			name = PokyMonTests;
			productName = PokyMonTests;
			productReference = C69C21142955B30500374870 /* PokyMonTests.xctest */;
			productType = "com.apple.product-type.bundle.unit-test";
		};
		C69C211D2955B30500374870 /* PokyMonUITests */ = {
			isa = PBXNativeTarget;
			buildConfigurationList = C69C212E2955B30500374870 /* Build configuration list for PBXNativeTarget "PokyMonUITests" */;
			buildPhases = (
				C69C211A2955B30500374870 /* Sources */,
				C69C211B2955B30500374870 /* Frameworks */,
				C69C211C2955B30500374870 /* Resources */,
			);
			buildRules = (
			);
			dependencies = (
				C69C21202955B30500374870 /* PBXTargetDependency */,
			);
			name = PokyMonUITests;
			productName = PokyMonUITests;
			productReference = C69C211E2955B30500374870 /* PokyMonUITests.xctest */;
			productType = "com.apple.product-type.bundle.ui-testing";
		};
/* End PBXNativeTarget section */

/* Begin PBXProject section */
		C69C20FC2955B30200374870 /* Project object */ = {
			isa = PBXProject;
			attributes = {
				BuildIndependentTargetsInParallel = 1;
				LastSwiftUpdateCheck = 1410;
				LastUpgradeCheck = 1410;
				TargetAttributes = {
					C69C21032955B30200374870 = {
						CreatedOnToolsVersion = 14.1;
					};
					C69C21132955B30500374870 = {
						CreatedOnToolsVersion = 14.1;
						TestTargetID = C69C21032955B30200374870;
					};
					C69C211D2955B30500374870 = {
						CreatedOnToolsVersion = 14.1;
						TestTargetID = C69C21032955B30200374870;
					};
				};
			};
			buildConfigurationList = C69C20FF2955B30200374870 /* Build configuration list for PBXProject "PokyMon" */;
			compatibilityVersion = "Xcode 14.0";
			developmentRegion = en;
			hasScannedForEncodings = 0;
			knownRegions = (
				en,
				Base,
			);
			mainGroup = C69C20FB2955B30200374870;
			packageReferences = (
				C63D1F7F295C6B5F00902FC3 /* XCRemoteSwiftPackageReference "Factory" */,
			);
			productRefGroup = C69C21052955B30200374870 /* Products */;
			projectDirPath = "";
			projectRoot = "";
			targets = (
				C69C21032955B30200374870 /* PokyMon */,
				C69C21132955B30500374870 /* PokyMonTests */,
				C69C211D2955B30500374870 /* PokyMonUITests */,
			);
		};
/* End PBXProject section */

/* Begin PBXResourcesBuildPhase section */
		C69C21022955B30200374870 /* Resources */ = {
			isa = PBXResourcesBuildPhase;
			buildActionMask = 2147483647;
			files = (
				C69C210F2955B30400374870 /* Preview Assets.xcassets in Resources */,
				C69C210C2955B30400374870 /* Assets.xcassets in Resources */,
			);
			runOnlyForDeploymentPostprocessing = 0;
		};
		C69C21122955B30500374870 /* Resources */ = {
			isa = PBXResourcesBuildPhase;
			buildActionMask = 2147483647;
			files = (
			);
			runOnlyForDeploymentPostprocessing = 0;
		};
		C69C211C2955B30500374870 /* Resources */ = {
			isa = PBXResourcesBuildPhase;
			buildActionMask = 2147483647;
			files = (
			);
			runOnlyForDeploymentPostprocessing = 0;
		};
/* End PBXResourcesBuildPhase section */

/* Begin PBXSourcesBuildPhase section */
		C69C21002955B30200374870 /* Sources */ = {
			isa = PBXSourcesBuildPhase;
			buildActionMask = 2147483647;
			files = (
				C6C108BD295C34FA000514B7 /* PokemonAPIProtocol.swift in Sources */,
				C692213E295EE86D0091184B /* TypesModel.swift in Sources */,
				C692212D295ED9C60091184B /* PokemonDetailsMapper.swift in Sources */,
				C69C210A2955B30200374870 /* ContentView.swift in Sources */,
				C63D1F8B295DA23E00902FC3 /* PokemonModelMapper.swift in Sources */,
				C6C108BB295C34D3000514B7 /* PokemonAPI.swift in Sources */,
				C63D1F73295C671F00902FC3 /* Response.swift in Sources */,
				C6922127295ED0640091184B /* DetailsView.swift in Sources */,
				C63D1F7C295C67B800902FC3 /* PokemonMapper.swift in Sources */,
				C6C108B6295C3209000514B7 /* Pokemon.swift in Sources */,
				C6922140295EE8930091184B /* AbilitiesModel.swift in Sources */,
				C63D1F8D295DA2B400902FC3 /* PokemonModel.swift in Sources */,
				C63D1FA0295E05DA00902FC3 /* NumberCard.swift in Sources */,
				C63D1F89295D9D7700902FC3 /* PokemonsRepository.swift in Sources */,
				C6922135295EDB780091184B /* Statistics.swift in Sources */,
				C63D1F9E295DF03A00902FC3 /* SearchBar.swift in Sources */,
				C63D1F7E295C696D00902FC3 /* PMData+Injection.swift in Sources */,
				C6114FAB2962EA6B00321629 /* MainView.swift in Sources */,
				C6922144295F0E730091184B /* GetPokemonByIDWorker.swift in Sources */,
				C6922138295EE66C0091184B /* PokemonDetailsModelMapper.swift in Sources */,
				C6922133295EDB510091184B /* Abilities.swift in Sources */,
				C692214A295F17F40091184B /* DetailsviewModel.swift in Sources */,
				C692212F295EDA040091184B /* PokemonDetails.swift in Sources */,
				C63D1F8F295DA35B00902FC3 /* ImageURLCreater.swift in Sources */,
				C6922129295ED27B0091184B /* AbilitiesEntity.swift in Sources */,
				C63D1F99295DDC9900902FC3 /* String+Extensions.swift in Sources */,
				C63D1F75295C673900902FC3 /* PokemonEntity.swift in Sources */,
				C6922146295F11660091184B /* PokemonByIDRepository.swift in Sources */,
				C692213C295EE8480091184B /* PokemonDetailsModel.swift in Sources */,
				C63D1F91295DA3CB00902FC3 /* PMPresentation+Injection.swift in Sources */,
				C692212B295ED33E0091184B /* StatisticsEntity.swift in Sources */,
				C6114FA92962E19500321629 /* TypeView.swift in Sources */,
				C6114FAE29630D2E00321629 /* FavoritesView.swift in Sources */,
				C6922131295EDAD30091184B /* Types.swift in Sources */,
				C6C108B4295C3160000514B7 /* GetPokemonWorker.swift in Sources */,
				C63D1F94295DA86900902FC3 /* Color+Extensions.swift in Sources */,
				C63D1F9C295DE4D000902FC3 /* Card.swift in Sources */,
				C63D1F79295C677600902FC3 /* PokemonDetailsEntity.swift in Sources */,
				C6922142295EE8B70091184B /* StatisticsModel.swift in Sources */,
				C63D1F77295C675A00902FC3 /* TypesEntity.swift in Sources */,
				C63D1F87295C76A100902FC3 /* HomeViewModel.swift in Sources */,
				C69C21082955B30200374870 /* PokyMonApp.swift in Sources */,
			);
			runOnlyForDeploymentPostprocessing = 0;
		};
		C69C21102955B30500374870 /* Sources */ = {
			isa = PBXSourcesBuildPhase;
			buildActionMask = 2147483647;
			files = (
				C69C21192955B30500374870 /* PokyMonTests.swift in Sources */,
			);
			runOnlyForDeploymentPostprocessing = 0;
		};
		C69C211A2955B30500374870 /* Sources */ = {
			isa = PBXSourcesBuildPhase;
			buildActionMask = 2147483647;
			files = (
				C69C21252955B30500374870 /* PokyMonUITestsLaunchTests.swift in Sources */,
				C69C21232955B30500374870 /* PokyMonUITests.swift in Sources */,
			);
			runOnlyForDeploymentPostprocessing = 0;
		};
/* End PBXSourcesBuildPhase section */

/* Begin PBXTargetDependency section */
		C69C21162955B30500374870 /* PBXTargetDependency */ = {
			isa = PBXTargetDependency;
			target = C69C21032955B30200374870 /* PokyMon */;
			targetProxy = C69C21152955B30500374870 /* PBXContainerItemProxy */;
		};
		C69C21202955B30500374870 /* PBXTargetDependency */ = {
			isa = PBXTargetDependency;
			target = C69C21032955B30200374870 /* PokyMon */;
			targetProxy = C69C211F2955B30500374870 /* PBXContainerItemProxy */;
		};
/* End PBXTargetDependency section */

/* Begin XCBuildConfiguration section */
		C69C21262955B30500374870 /* Debug */ = {
			isa = XCBuildConfiguration;
			buildSettings = {
				ALWAYS_SEARCH_USER_PATHS = NO;
				CLANG_ANALYZER_NONNULL = YES;
				CLANG_ANALYZER_NUMBER_OBJECT_CONVERSION = YES_AGGRESSIVE;
				CLANG_CXX_LANGUAGE_STANDARD = "gnu++20";
				CLANG_ENABLE_MODULES = YES;
				CLANG_ENABLE_OBJC_ARC = YES;
				CLANG_ENABLE_OBJC_WEAK = YES;
				CLANG_WARN_BLOCK_CAPTURE_AUTORELEASING = YES;
				CLANG_WARN_BOOL_CONVERSION = YES;
				CLANG_WARN_COMMA = YES;
				CLANG_WARN_CONSTANT_CONVERSION = YES;
				CLANG_WARN_DEPRECATED_OBJC_IMPLEMENTATIONS = YES;
				CLANG_WARN_DIRECT_OBJC_ISA_USAGE = YES_ERROR;
				CLANG_WARN_DOCUMENTATION_COMMENTS = YES;
				CLANG_WARN_EMPTY_BODY = YES;
				CLANG_WARN_ENUM_CONVERSION = YES;
				CLANG_WARN_INFINITE_RECURSION = YES;
				CLANG_WARN_INT_CONVERSION = YES;
				CLANG_WARN_NON_LITERAL_NULL_CONVERSION = YES;
				CLANG_WARN_OBJC_IMPLICIT_RETAIN_SELF = YES;
				CLANG_WARN_OBJC_LITERAL_CONVERSION = YES;
				CLANG_WARN_OBJC_ROOT_CLASS = YES_ERROR;
				CLANG_WARN_QUOTED_INCLUDE_IN_FRAMEWORK_HEADER = YES;
				CLANG_WARN_RANGE_LOOP_ANALYSIS = YES;
				CLANG_WARN_STRICT_PROTOTYPES = YES;
				CLANG_WARN_SUSPICIOUS_MOVE = YES;
				CLANG_WARN_UNGUARDED_AVAILABILITY = YES_AGGRESSIVE;
				CLANG_WARN_UNREACHABLE_CODE = YES;
				CLANG_WARN__DUPLICATE_METHOD_MATCH = YES;
				COPY_PHASE_STRIP = NO;
				DEBUG_INFORMATION_FORMAT = dwarf;
				ENABLE_STRICT_OBJC_MSGSEND = YES;
				ENABLE_TESTABILITY = YES;
				GCC_C_LANGUAGE_STANDARD = gnu11;
				GCC_DYNAMIC_NO_PIC = NO;
				GCC_NO_COMMON_BLOCKS = YES;
				GCC_OPTIMIZATION_LEVEL = 0;
				GCC_PREPROCESSOR_DEFINITIONS = (
					"DEBUG=1",
					"$(inherited)",
				);
				GCC_WARN_64_TO_32_BIT_CONVERSION = YES;
				GCC_WARN_ABOUT_RETURN_TYPE = YES_ERROR;
				GCC_WARN_UNDECLARED_SELECTOR = YES;
				GCC_WARN_UNINITIALIZED_AUTOS = YES_AGGRESSIVE;
				GCC_WARN_UNUSED_FUNCTION = YES;
				GCC_WARN_UNUSED_VARIABLE = YES;
				IPHONEOS_DEPLOYMENT_TARGET = 16.1;
				MTL_ENABLE_DEBUG_INFO = INCLUDE_SOURCE;
				MTL_FAST_MATH = YES;
				ONLY_ACTIVE_ARCH = YES;
				SDKROOT = iphoneos;
				SWIFT_ACTIVE_COMPILATION_CONDITIONS = DEBUG;
				SWIFT_OPTIMIZATION_LEVEL = "-Onone";
			};
			name = Debug;
		};
		C69C21272955B30500374870 /* Release */ = {
			isa = XCBuildConfiguration;
			buildSettings = {
				ALWAYS_SEARCH_USER_PATHS = NO;
				CLANG_ANALYZER_NONNULL = YES;
				CLANG_ANALYZER_NUMBER_OBJECT_CONVERSION = YES_AGGRESSIVE;
				CLANG_CXX_LANGUAGE_STANDARD = "gnu++20";
				CLANG_ENABLE_MODULES = YES;
				CLANG_ENABLE_OBJC_ARC = YES;
				CLANG_ENABLE_OBJC_WEAK = YES;
				CLANG_WARN_BLOCK_CAPTURE_AUTORELEASING = YES;
				CLANG_WARN_BOOL_CONVERSION = YES;
				CLANG_WARN_COMMA = YES;
				CLANG_WARN_CONSTANT_CONVERSION = YES;
				CLANG_WARN_DEPRECATED_OBJC_IMPLEMENTATIONS = YES;
				CLANG_WARN_DIRECT_OBJC_ISA_USAGE = YES_ERROR;
				CLANG_WARN_DOCUMENTATION_COMMENTS = YES;
				CLANG_WARN_EMPTY_BODY = YES;
				CLANG_WARN_ENUM_CONVERSION = YES;
				CLANG_WARN_INFINITE_RECURSION = YES;
				CLANG_WARN_INT_CONVERSION = YES;
				CLANG_WARN_NON_LITERAL_NULL_CONVERSION = YES;
				CLANG_WARN_OBJC_IMPLICIT_RETAIN_SELF = YES;
				CLANG_WARN_OBJC_LITERAL_CONVERSION = YES;
				CLANG_WARN_OBJC_ROOT_CLASS = YES_ERROR;
				CLANG_WARN_QUOTED_INCLUDE_IN_FRAMEWORK_HEADER = YES;
				CLANG_WARN_RANGE_LOOP_ANALYSIS = YES;
				CLANG_WARN_STRICT_PROTOTYPES = YES;
				CLANG_WARN_SUSPICIOUS_MOVE = YES;
				CLANG_WARN_UNGUARDED_AVAILABILITY = YES_AGGRESSIVE;
				CLANG_WARN_UNREACHABLE_CODE = YES;
				CLANG_WARN__DUPLICATE_METHOD_MATCH = YES;
				COPY_PHASE_STRIP = NO;
				DEBUG_INFORMATION_FORMAT = "dwarf-with-dsym";
				ENABLE_NS_ASSERTIONS = NO;
				ENABLE_STRICT_OBJC_MSGSEND = YES;
				GCC_C_LANGUAGE_STANDARD = gnu11;
				GCC_NO_COMMON_BLOCKS = YES;
				GCC_WARN_64_TO_32_BIT_CONVERSION = YES;
				GCC_WARN_ABOUT_RETURN_TYPE = YES_ERROR;
				GCC_WARN_UNDECLARED_SELECTOR = YES;
				GCC_WARN_UNINITIALIZED_AUTOS = YES_AGGRESSIVE;
				GCC_WARN_UNUSED_FUNCTION = YES;
				GCC_WARN_UNUSED_VARIABLE = YES;
				IPHONEOS_DEPLOYMENT_TARGET = 16.1;
				MTL_ENABLE_DEBUG_INFO = NO;
				MTL_FAST_MATH = YES;
				SDKROOT = iphoneos;
				SWIFT_COMPILATION_MODE = wholemodule;
				SWIFT_OPTIMIZATION_LEVEL = "-O";
				VALIDATE_PRODUCT = YES;
			};
			name = Release;
		};
		C69C21292955B30500374870 /* Debug */ = {
			isa = XCBuildConfiguration;
			buildSettings = {
				ASSETCATALOG_COMPILER_APPICON_NAME = AppIcon;
				ASSETCATALOG_COMPILER_GLOBAL_ACCENT_COLOR_NAME = AccentColor;
				CODE_SIGN_STYLE = Automatic;
				CURRENT_PROJECT_VERSION = 1;
				DEVELOPMENT_ASSET_PATHS = "\"PokyMon/Preview Content\"";
				DEVELOPMENT_TEAM = PB44JK4952;
				ENABLE_PREVIEWS = YES;
				GENERATE_INFOPLIST_FILE = YES;
				INFOPLIST_KEY_UIApplicationSceneManifest_Generation = YES;
				INFOPLIST_KEY_UIApplicationSupportsIndirectInputEvents = YES;
				INFOPLIST_KEY_UILaunchScreen_Generation = YES;
				INFOPLIST_KEY_UISupportedInterfaceOrientations_iPad = "UIInterfaceOrientationPortrait UIInterfaceOrientationPortraitUpsideDown UIInterfaceOrientationLandscapeLeft UIInterfaceOrientationLandscapeRight";
				INFOPLIST_KEY_UISupportedInterfaceOrientations_iPhone = "UIInterfaceOrientationPortrait UIInterfaceOrientationLandscapeLeft UIInterfaceOrientationLandscapeRight";
				LD_RUNPATH_SEARCH_PATHS = (
					"$(inherited)",
					"@executable_path/Frameworks",
				);
				MARKETING_VERSION = 1.0;
				PRODUCT_BUNDLE_IDENTIFIER = com.jamalaartsen.PokyMon;
				PRODUCT_NAME = "$(TARGET_NAME)";
				SWIFT_EMIT_LOC_STRINGS = YES;
				SWIFT_VERSION = 5.0;
				TARGETED_DEVICE_FAMILY = "1,2";
			};
			name = Debug;
		};
		C69C212A2955B30500374870 /* Release */ = {
			isa = XCBuildConfiguration;
			buildSettings = {
				ASSETCATALOG_COMPILER_APPICON_NAME = AppIcon;
				ASSETCATALOG_COMPILER_GLOBAL_ACCENT_COLOR_NAME = AccentColor;
				CODE_SIGN_STYLE = Automatic;
				CURRENT_PROJECT_VERSION = 1;
				DEVELOPMENT_ASSET_PATHS = "\"PokyMon/Preview Content\"";
				DEVELOPMENT_TEAM = PB44JK4952;
				ENABLE_PREVIEWS = YES;
				GENERATE_INFOPLIST_FILE = YES;
				INFOPLIST_KEY_UIApplicationSceneManifest_Generation = YES;
				INFOPLIST_KEY_UIApplicationSupportsIndirectInputEvents = YES;
				INFOPLIST_KEY_UILaunchScreen_Generation = YES;
				INFOPLIST_KEY_UISupportedInterfaceOrientations_iPad = "UIInterfaceOrientationPortrait UIInterfaceOrientationPortraitUpsideDown UIInterfaceOrientationLandscapeLeft UIInterfaceOrientationLandscapeRight";
				INFOPLIST_KEY_UISupportedInterfaceOrientations_iPhone = "UIInterfaceOrientationPortrait UIInterfaceOrientationLandscapeLeft UIInterfaceOrientationLandscapeRight";
				LD_RUNPATH_SEARCH_PATHS = (
					"$(inherited)",
					"@executable_path/Frameworks",
				);
				MARKETING_VERSION = 1.0;
				PRODUCT_BUNDLE_IDENTIFIER = com.jamalaartsen.PokyMon;
				PRODUCT_NAME = "$(TARGET_NAME)";
				SWIFT_EMIT_LOC_STRINGS = YES;
				SWIFT_VERSION = 5.0;
				TARGETED_DEVICE_FAMILY = "1,2";
			};
			name = Release;
		};
		C69C212C2955B30500374870 /* Debug */ = {
			isa = XCBuildConfiguration;
			buildSettings = {
				ALWAYS_EMBED_SWIFT_STANDARD_LIBRARIES = YES;
				BUNDLE_LOADER = "$(TEST_HOST)";
				CODE_SIGN_STYLE = Automatic;
				CURRENT_PROJECT_VERSION = 1;
				DEVELOPMENT_TEAM = PB44JK4952;
				GENERATE_INFOPLIST_FILE = YES;
				IPHONEOS_DEPLOYMENT_TARGET = 16.1;
				MARKETING_VERSION = 1.0;
				PRODUCT_BUNDLE_IDENTIFIER = com.jamalaartsen.PokyMonTests;
				PRODUCT_NAME = "$(TARGET_NAME)";
				SWIFT_EMIT_LOC_STRINGS = NO;
				SWIFT_VERSION = 5.0;
				TARGETED_DEVICE_FAMILY = "1,2";
				TEST_HOST = "$(BUILT_PRODUCTS_DIR)/PokyMon.app/$(BUNDLE_EXECUTABLE_FOLDER_PATH)/PokyMon";
			};
			name = Debug;
		};
		C69C212D2955B30500374870 /* Release */ = {
			isa = XCBuildConfiguration;
			buildSettings = {
				ALWAYS_EMBED_SWIFT_STANDARD_LIBRARIES = YES;
				BUNDLE_LOADER = "$(TEST_HOST)";
				CODE_SIGN_STYLE = Automatic;
				CURRENT_PROJECT_VERSION = 1;
				DEVELOPMENT_TEAM = PB44JK4952;
				GENERATE_INFOPLIST_FILE = YES;
				IPHONEOS_DEPLOYMENT_TARGET = 16.1;
				MARKETING_VERSION = 1.0;
				PRODUCT_BUNDLE_IDENTIFIER = com.jamalaartsen.PokyMonTests;
				PRODUCT_NAME = "$(TARGET_NAME)";
				SWIFT_EMIT_LOC_STRINGS = NO;
				SWIFT_VERSION = 5.0;
				TARGETED_DEVICE_FAMILY = "1,2";
				TEST_HOST = "$(BUILT_PRODUCTS_DIR)/PokyMon.app/$(BUNDLE_EXECUTABLE_FOLDER_PATH)/PokyMon";
			};
			name = Release;
		};
		C69C212F2955B30500374870 /* Debug */ = {
			isa = XCBuildConfiguration;
			buildSettings = {
				ALWAYS_EMBED_SWIFT_STANDARD_LIBRARIES = YES;
				CODE_SIGN_STYLE = Automatic;
				CURRENT_PROJECT_VERSION = 1;
				DEVELOPMENT_TEAM = PB44JK4952;
				GENERATE_INFOPLIST_FILE = YES;
				MARKETING_VERSION = 1.0;
				PRODUCT_BUNDLE_IDENTIFIER = com.jamalaartsen.PokyMonUITests;
				PRODUCT_NAME = "$(TARGET_NAME)";
				SWIFT_EMIT_LOC_STRINGS = NO;
				SWIFT_VERSION = 5.0;
				TARGETED_DEVICE_FAMILY = "1,2";
				TEST_TARGET_NAME = PokyMon;
			};
			name = Debug;
		};
		C69C21302955B30500374870 /* Release */ = {
			isa = XCBuildConfiguration;
			buildSettings = {
				ALWAYS_EMBED_SWIFT_STANDARD_LIBRARIES = YES;
				CODE_SIGN_STYLE = Automatic;
				CURRENT_PROJECT_VERSION = 1;
				DEVELOPMENT_TEAM = PB44JK4952;
				GENERATE_INFOPLIST_FILE = YES;
				MARKETING_VERSION = 1.0;
				PRODUCT_BUNDLE_IDENTIFIER = com.jamalaartsen.PokyMonUITests;
				PRODUCT_NAME = "$(TARGET_NAME)";
				SWIFT_EMIT_LOC_STRINGS = NO;
				SWIFT_VERSION = 5.0;
				TARGETED_DEVICE_FAMILY = "1,2";
				TEST_TARGET_NAME = PokyMon;
			};
			name = Release;
		};
/* End XCBuildConfiguration section */

/* Begin XCConfigurationList section */
		C69C20FF2955B30200374870 /* Build configuration list for PBXProject "PokyMon" */ = {
			isa = XCConfigurationList;
			buildConfigurations = (
				C69C21262955B30500374870 /* Debug */,
				C69C21272955B30500374870 /* Release */,
			);
			defaultConfigurationIsVisible = 0;
			defaultConfigurationName = Release;
		};
		C69C21282955B30500374870 /* Build configuration list for PBXNativeTarget "PokyMon" */ = {
			isa = XCConfigurationList;
			buildConfigurations = (
				C69C21292955B30500374870 /* Debug */,
				C69C212A2955B30500374870 /* Release */,
			);
			defaultConfigurationIsVisible = 0;
			defaultConfigurationName = Release;
		};
		C69C212B2955B30500374870 /* Build configuration list for PBXNativeTarget "PokyMonTests" */ = {
			isa = XCConfigurationList;
			buildConfigurations = (
				C69C212C2955B30500374870 /* Debug */,
				C69C212D2955B30500374870 /* Release */,
			);
			defaultConfigurationIsVisible = 0;
			defaultConfigurationName = Release;
		};
		C69C212E2955B30500374870 /* Build configuration list for PBXNativeTarget "PokyMonUITests" */ = {
			isa = XCConfigurationList;
			buildConfigurations = (
				C69C212F2955B30500374870 /* Debug */,
				C69C21302955B30500374870 /* Release */,
			);
			defaultConfigurationIsVisible = 0;
			defaultConfigurationName = Release;
		};
/* End XCConfigurationList section */

/* Begin XCRemoteSwiftPackageReference section */
		C63D1F7F295C6B5F00902FC3 /* XCRemoteSwiftPackageReference "Factory" */ = {
			isa = XCRemoteSwiftPackageReference;
			repositoryURL = "https://github.com/hmlongco/Factory.git";
			requirement = {
				kind = upToNextMajorVersion;
				minimumVersion = 1.0.0;
			};
		};
/* End XCRemoteSwiftPackageReference section */

/* Begin XCSwiftPackageProductDependency section */
		C63D1F80295C6B5F00902FC3 /* Factory */ = {
			isa = XCSwiftPackageProductDependency;
			package = C63D1F7F295C6B5F00902FC3 /* XCRemoteSwiftPackageReference "Factory" */;
			productName = Factory;
		};
/* End XCSwiftPackageProductDependency section */
	};
	rootObject = C69C20FC2955B30200374870 /* Project object */;
}
